
Microsoft Visual Studio Solution File, Format Version 12.00
# Visual Studio Version 17
VisualStudioVersion = 17.2.32602.215
MinimumVisualStudioVersion = 10.0.40219.1
Project("{FAE04EC0-301F-11D3-BF4B-00C04F79EFBC}") = "RasberryApp", "RasberryApp.csproj", "{3F3ABF86-B7AB-42DE-A82B-5AD7DCC8E4C0}"
EndProject
Global
	GlobalSection(SolutionConfigurationPlatforms) = preSolution
		Debug|Any CPU = Debug|Any CPU
		Release|Any CPU = Release|Any CPU
	EndGlobalSection
	GlobalSection(ProjectConfigurationPlatforms) = postSolution
		{3F3ABF86-B7AB-42DE-A82B-5AD7DCC8E4C0}.Debug|Any CPU.ActiveCfg = Debug|Any CPU
		{3F3ABF86-B7AB-42DE-A82B-5AD7DCC8E4C0}.Debug|Any CPU.Build.0 = Debug|Any CPU
		{3F3ABF86-B7AB-42DE-A82B-5AD7DCC8E4C0}.Release|Any CPU.ActiveCfg = Release|Any CPU
		{3F3ABF86-B7AB-42DE-A82B-5AD7DCC8E4C0}.Release|Any CPU.Build.0 = Release|Any CPU
	EndGlobalSection
	GlobalSection(SolutionProperties) = preSolution
		HideSolutionNode = FALSE
	EndGlobalSection
	GlobalSection(ExtensibilityGlobals) = postSolution
		SolutionGuid = {A5CBDD5E-3E32-49E2-ACC2-A6B5040CDEAB}
	EndGlobalSection
EndGlobal
